
Microsoft Visual Studio Solution File, Format Version 12.00
# Visual Studio 2013
VisualStudioVersion = 12.0.21005.1
MinimumVisualStudioVersion = 10.0.40219.1
Project("{8BC9CEB8-8B4A-11D0-8D11-00A0C91BC942}") = "homework-调试", "homework-调试\homework-调试.vcxproj", "{4AD6E495-C8B4-4606-A386-22852ABC4782}"
EndProject
Global
	GlobalSection(SolutionConfigurationPlatforms) = preSolution
		Debug|Win32 = Debug|Win32
		Release|Win32 = Release|Win32
	EndGlobalSection
	GlobalSection(ProjectConfigurationPlatforms) = postSolution
		{4AD6E495-C8B4-4606-A386-22852ABC4782}.Debug|Win32.ActiveCfg = Debug|Win32
		{4AD6E495-C8B4-4606-A386-22852ABC4782}.Debug|Win32.Build.0 = Debug|Win32
		{4AD6E495-C8B4-4606-A386-22852ABC4782}.Release|Win32.ActiveCfg = Release|Win32
		{4AD6E495-C8B4-4606-A386-22852ABC4782}.Release|Win32.Build.0 = Release|Win32
	EndGlobalSection
	GlobalSection(SolutionProperties) = preSolution
		HideSolutionNode = FALSE
	EndGlobalSection
EndGlobal
